
Microsoft Visual Studio Solution File, Format Version 12.00
# Visual Studio Version 17
VisualStudioVersion = 17.9.34622.214
MinimumVisualStudioVersion = 10.0.40219.1
Project("{9A19103F-16F7-4668-BE54-9A1E7A4F7556}") = "FlowControl", "FlowControl\FlowControl.csproj", "{187D5EEA-A413-4BE4-8CC0-7D5C47619707}"
EndProject
Project("{FAE04EC0-301F-11D3-BF4B-00C04F79EFBC}") = "FlowControl.Utilities", "FlowControl.Utilities\FlowControl.Utilities.csproj", "{07686316-AECC-416E-A181-BAB09B9E8A83}"
EndProject
Global
	GlobalSection(SolutionConfigurationPlatforms) = preSolution
		Debug|Any CPU = Debug|Any CPU
		Release|Any CPU = Release|Any CPU
	EndGlobalSection
	GlobalSection(ProjectConfigurationPlatforms) = postSolution
		{187D5EEA-A413-4BE4-8CC0-7D5C47619707}.Debug|Any CPU.ActiveCfg = Debug|Any CPU
		{187D5EEA-A413-4BE4-8CC0-7D5C47619707}.Debug|Any CPU.Build.0 = Debug|Any CPU
		{187D5EEA-A413-4BE4-8CC0-7D5C47619707}.Release|Any CPU.ActiveCfg = Release|Any CPU
		{187D5EEA-A413-4BE4-8CC0-7D5C47619707}.Release|Any CPU.Build.0 = Release|Any CPU
		{07686316-AECC-416E-A181-BAB09B9E8A83}.Debug|Any CPU.ActiveCfg = Debug|Any CPU
		{07686316-AECC-416E-A181-BAB09B9E8A83}.Debug|Any CPU.Build.0 = Debug|Any CPU
		{07686316-AECC-416E-A181-BAB09B9E8A83}.Release|Any CPU.ActiveCfg = Release|Any CPU
		{07686316-AECC-416E-A181-BAB09B9E8A83}.Release|Any CPU.Build.0 = Release|Any CPU
	EndGlobalSection
	GlobalSection(SolutionProperties) = preSolution
		HideSolutionNode = FALSE
	EndGlobalSection
	GlobalSection(ExtensibilityGlobals) = postSolution
		SolutionGuid = {3BBE8279-C5CE-44F2-9811-3D6D1C262B3E}
	EndGlobalSection
EndGlobal
